
Microsoft Visual Studio Solution File, Format Version 12.00
Project("{FAE04EC0-301F-11D3-BF4B-00C04F79EFBC}") = "Algorithms", "Algorithms\Algorithms.csproj", "{A4425664-A788-498D-AD33-F16465F4920B}"
EndProject
Project("{FAE04EC0-301F-11D3-BF4B-00C04F79EFBC}") = "AlgorithmsTests", "AlgorithmsTests\AlgorithmsTests.csproj", "{B91875F5-DFC9-4877-B514-76342A204A3E}"
EndProject
Global
	GlobalSection(SolutionConfigurationPlatforms) = preSolution
		Debug|Any CPU = Debug|Any CPU
		Release|Any CPU = Release|Any CPU
	EndGlobalSection
	GlobalSection(ProjectConfigurationPlatforms) = postSolution
		{A4425664-A788-498D-AD33-F16465F4920B}.Debug|Any CPU.ActiveCfg = Debug|Any CPU
		{A4425664-A788-498D-AD33-F16465F4920B}.Debug|Any CPU.Build.0 = Debug|Any CPU
		{A4425664-A788-498D-AD33-F16465F4920B}.Release|Any CPU.ActiveCfg = Release|Any CPU
		{A4425664-A788-498D-AD33-F16465F4920B}.Release|Any CPU.Build.0 = Release|Any CPU
		{B91875F5-DFC9-4877-B514-76342A204A3E}.Debug|Any CPU.ActiveCfg = Debug|Any CPU
		{B91875F5-DFC9-4877-B514-76342A204A3E}.Debug|Any CPU.Build.0 = Debug|Any CPU
		{B91875F5-DFC9-4877-B514-76342A204A3E}.Release|Any CPU.ActiveCfg = Release|Any CPU
		{B91875F5-DFC9-4877-B514-76342A204A3E}.Release|Any CPU.Build.0 = Release|Any CPU
	EndGlobalSection
EndGlobal
